
Microsoft Visual Studio Solution File, Format Version 12.00
# Visual Studio Version 16
VisualStudioVersion = 16.0.30114.105
MinimumVisualStudioVersion = 10.0.40219.1
Project("{FAE04EC0-301F-11D3-BF4B-00C04F79EFBC}") = "AspNetMicroservices.Products.Api", "AspNetMicroservices.Products.Api\AspNetMicroservices.Products.Api.csproj", "{3E9B1365-5DBB-45C4-80D0-1B0B2336F0BC}"
EndProject
Project("{FAE04EC0-301F-11D3-BF4B-00C04F79EFBC}") = "AspNetMicroservices.Products.Dto", "AspNetMicroservices.Products.Dto\AspNetMicroservices.Products.Dto.csproj", "{533EC437-C624-46A9-85C3-95B0E72667FA}"
EndProject
Project("{FAE04EC0-301F-11D3-BF4B-00C04F79EFBC}") = "AspNetMicroservices.Products.Common", "AspNetMicroservices.Products.Common\AspNetMicroservices.Products.Common.csproj", "{5FCAD5E2-8D45-46CE-8AE2-6FEDA0B8F15D}"
EndProject
Project("{FAE04EC0-301F-11D3-BF4B-00C04F79EFBC}") = "AspNetMicroservices.Products.Business", "AspNetMicroservices.Products.Business\AspNetMicroservices.Products.Business.csproj", "{BF7C0123-6CAD-42F8-B783-5E14DEE5A9F1}"
EndProject
Project("{FAE04EC0-301F-11D3-BF4B-00C04F79EFBC}") = "AspNetMicroservices.Products.DataLayer", "AspNetMicroservices.Products.DataLayer\AspNetMicroservices.Products.DataLayer.csproj", "{CBB74C99-E188-4B56-AB98-2C5C3090FE50}"
EndProject
Global
	GlobalSection(SolutionConfigurationPlatforms) = preSolution
		Debug|Any CPU = Debug|Any CPU
		Debug|x64 = Debug|x64
		Debug|x86 = Debug|x86
		Release|Any CPU = Release|Any CPU
		Release|x64 = Release|x64
		Release|x86 = Release|x86
	EndGlobalSection
	GlobalSection(SolutionProperties) = preSolution
		HideSolutionNode = FALSE
	EndGlobalSection
	GlobalSection(ProjectConfigurationPlatforms) = postSolution
		{3E9B1365-5DBB-45C4-80D0-1B0B2336F0BC}.Debug|Any CPU.ActiveCfg = Debug|Any CPU
		{3E9B1365-5DBB-45C4-80D0-1B0B2336F0BC}.Debug|Any CPU.Build.0 = Debug|Any CPU
		{3E9B1365-5DBB-45C4-80D0-1B0B2336F0BC}.Debug|x64.ActiveCfg = Debug|Any CPU
		{3E9B1365-5DBB-45C4-80D0-1B0B2336F0BC}.Debug|x64.Build.0 = Debug|Any CPU
		{3E9B1365-5DBB-45C4-80D0-1B0B2336F0BC}.Debug|x86.ActiveCfg = Debug|Any CPU
		{3E9B1365-5DBB-45C4-80D0-1B0B2336F0BC}.Debug|x86.Build.0 = Debug|Any CPU
		{3E9B1365-5DBB-45C4-80D0-1B0B2336F0BC}.Release|Any CPU.ActiveCfg = Release|Any CPU
		{3E9B1365-5DBB-45C4-80D0-1B0B2336F0BC}.Release|Any CPU.Build.0 = Release|Any CPU
		{3E9B1365-5DBB-45C4-80D0-1B0B2336F0BC}.Release|x64.ActiveCfg = Release|Any CPU
		{3E9B1365-5DBB-45C4-80D0-1B0B2336F0BC}.Release|x64.Build.0 = Release|Any CPU
		{3E9B1365-5DBB-45C4-80D0-1B0B2336F0BC}.Release|x86.ActiveCfg = Release|Any CPU
		{3E9B1365-5DBB-45C4-80D0-1B0B2336F0BC}.Release|x86.Build.0 = Release|Any CPU
		{533EC437-C624-46A9-85C3-95B0E72667FA}.Debug|Any CPU.ActiveCfg = Debug|Any CPU
		{533EC437-C624-46A9-85C3-95B0E72667FA}.Debug|Any CPU.Build.0 = Debug|Any CPU
		{533EC437-C624-46A9-85C3-95B0E72667FA}.Debug|x64.ActiveCfg = Debug|Any CPU
		{533EC437-C624-46A9-85C3-95B0E72667FA}.Debug|x64.Build.0 = Debug|Any CPU
		{533EC437-C624-46A9-85C3-95B0E72667FA}.Debug|x86.ActiveCfg = Debug|Any CPU
		{533EC437-C624-46A9-85C3-95B0E72667FA}.Debug|x86.Build.0 = Debug|Any CPU
		{533EC437-C624-46A9-85C3-95B0E72667FA}.Release|Any CPU.ActiveCfg = Release|Any CPU
		{533EC437-C624-46A9-85C3-95B0E72667FA}.Release|Any CPU.Build.0 = Release|Any CPU
		{533EC437-C624-46A9-85C3-95B0E72667FA}.Release|x64.ActiveCfg = Release|Any CPU
		{533EC437-C624-46A9-85C3-95B0E72667FA}.Release|x64.Build.0 = Release|Any CPU
		{533EC437-C624-46A9-85C3-95B0E72667FA}.Release|x86.ActiveCfg = Release|Any CPU
		{533EC437-C624-46A9-85C3-95B0E72667FA}.Release|x86.Build.0 = Release|Any CPU
		{5FCAD5E2-8D45-46CE-8AE2-6FEDA0B8F15D}.Debug|Any CPU.ActiveCfg = Debug|Any CPU
		{5FCAD5E2-8D45-46CE-8AE2-6FEDA0B8F15D}.Debug|Any CPU.Build.0 = Debug|Any CPU
		{5FCAD5E2-8D45-46CE-8AE2-6FEDA0B8F15D}.Debug|x64.ActiveCfg = Debug|Any CPU
		{5FCAD5E2-8D45-46CE-8AE2-6FEDA0B8F15D}.Debug|x64.Build.0 = Debug|Any CPU
		{5FCAD5E2-8D45-46CE-8AE2-6FEDA0B8F15D}.Debug|x86.ActiveCfg = Debug|Any CPU
		{5FCAD5E2-8D45-46CE-8AE2-6FEDA0B8F15D}.Debug|x86.Build.0 = Debug|Any CPU
		{5FCAD5E2-8D45-46CE-8AE2-6FEDA0B8F15D}.Release|Any CPU.ActiveCfg = Release|Any CPU
		{5FCAD5E2-8D45-46CE-8AE2-6FEDA0B8F15D}.Release|Any CPU.Build.0 = Release|Any CPU
		{5FCAD5E2-8D45-46CE-8AE2-6FEDA0B8F15D}.Release|x64.ActiveCfg = Release|Any CPU
		{5FCAD5E2-8D45-46CE-8AE2-6FEDA0B8F15D}.Release|x64.Build.0 = Release|Any CPU
		{5FCAD5E2-8D45-46CE-8AE2-6FEDA0B8F15D}.Release|x86.ActiveCfg = Release|Any CPU
		{5FCAD5E2-8D45-46CE-8AE2-6FEDA0B8F15D}.Release|x86.Build.0 = Release|Any CPU
		{BF7C0123-6CAD-42F8-B783-5E14DEE5A9F1}.Debug|Any CPU.ActiveCfg = Debug|Any CPU
		{BF7C0123-6CAD-42F8-B783-5E14DEE5A9F1}.Debug|Any CPU.Build.0 = Debug|Any CPU
		{BF7C0123-6CAD-42F8-B783-5E14DEE5A9F1}.Debug|x64.ActiveCfg = Debug|Any CPU
		{BF7C0123-6CAD-42F8-B783-5E14DEE5A9F1}.Debug|x64.Build.0 = Debug|Any CPU
		{BF7C0123-6CAD-42F8-B783-5E14DEE5A9F1}.Debug|x86.ActiveCfg = Debug|Any CPU
		{BF7C0123-6CAD-42F8-B783-5E14DEE5A9F1}.Debug|x86.Build.0 = Debug|Any CPU
		{BF7C0123-6CAD-42F8-B783-5E14DEE5A9F1}.Release|Any CPU.ActiveCfg = Release|Any CPU
		{BF7C0123-6CAD-42F8-B783-5E14DEE5A9F1}.Release|Any CPU.Build.0 = Release|Any CPU
		{BF7C0123-6CAD-42F8-B783-5E14DEE5A9F1}.Release|x64.ActiveCfg = Release|Any CPU
		{BF7C0123-6CAD-42F8-B783-5E14DEE5A9F1}.Release|x64.Build.0 = Release|Any CPU
		{BF7C0123-6CAD-42F8-B783-5E14DEE5A9F1}.Release|x86.ActiveCfg = Release|Any CPU
		{BF7C0123-6CAD-42F8-B783-5E14DEE5A9F1}.Release|x86.Build.0 = Release|Any CPU
		{CBB74C99-E188-4B56-AB98-2C5C3090FE50}.Debug|Any CPU.ActiveCfg = Debug|Any CPU
		{CBB74C99-E188-4B56-AB98-2C5C3090FE50}.Debug|Any CPU.Build.0 = Debug|Any CPU
		{CBB74C99-E188-4B56-AB98-2C5C3090FE50}.Debug|x64.ActiveCfg = Debug|Any CPU
		{CBB74C99-E188-4B56-AB98-2C5C3090FE50}.Debug|x64.Build.0 = Debug|Any CPU
		{CBB74C99-E188-4B56-AB98-2C5C3090FE50}.Debug|x86.ActiveCfg = Debug|Any CPU
		{CBB74C99-E188-4B56-AB98-2C5C3090FE50}.Debug|x86.Build.0 = Debug|Any CPU
		{CBB74C99-E188-4B56-AB98-2C5C3090FE50}.Release|Any CPU.ActiveCfg = Release|Any CPU
		{CBB74C99-E188-4B56-AB98-2C5C3090FE50}.Release|Any CPU.Build.0 = Release|Any CPU
		{CBB74C99-E188-4B56-AB98-2C5C3090FE50}.Release|x64.ActiveCfg = Release|Any CPU
		{CBB74C99-E188-4B56-AB98-2C5C3090FE50}.Release|x64.Build.0 = Release|Any CPU
		{CBB74C99-E188-4B56-AB98-2C5C3090FE50}.Release|x86.ActiveCfg = Release|Any CPU
		{CBB74C99-E188-4B56-AB98-2C5C3090FE50}.Release|x86.Build.0 = Release|Any CPU
	EndGlobalSection
EndGlobal
