
Microsoft Visual Studio Solution File, Format Version 12.00
# Visual Studio Version 16
VisualStudioVersion = 16.0.30114.105
MinimumVisualStudioVersion = 10.0.40219.1
Project("{FAE04EC0-301F-11D3-BF4B-00C04F79EFBC}") = "AspNetMicroservices.Gateway.Api", "AspNetMicroservices.Gateway.Api\AspNetMicroservices.Gateway.Api.csproj", "{283AA8A5-828E-46A6-8CBF-E478093D2A19}"
EndProject
Project("{FAE04EC0-301F-11D3-BF4B-00C04F79EFBC}") = "AspNetMicroservices.Shared", "..\AspNetMicroservices.Shared\AspNetMicroservices.Shared.csproj", "{65EF1F79-834F-4067-8A16-FD7B8457B32C}"
EndProject
Global
	GlobalSection(SolutionConfigurationPlatforms) = preSolution
		Debug|Any CPU = Debug|Any CPU
		Debug|x64 = Debug|x64
		Debug|x86 = Debug|x86
		Release|Any CPU = Release|Any CPU
		Release|x64 = Release|x64
		Release|x86 = Release|x86
	EndGlobalSection
	GlobalSection(SolutionProperties) = preSolution
		HideSolutionNode = FALSE
	EndGlobalSection
	GlobalSection(ProjectConfigurationPlatforms) = postSolution
		{283AA8A5-828E-46A6-8CBF-E478093D2A19}.Debug|Any CPU.ActiveCfg = Debug|Any CPU
		{283AA8A5-828E-46A6-8CBF-E478093D2A19}.Debug|Any CPU.Build.0 = Debug|Any CPU
		{283AA8A5-828E-46A6-8CBF-E478093D2A19}.Debug|x64.ActiveCfg = Debug|Any CPU
		{283AA8A5-828E-46A6-8CBF-E478093D2A19}.Debug|x64.Build.0 = Debug|Any CPU
		{283AA8A5-828E-46A6-8CBF-E478093D2A19}.Debug|x86.ActiveCfg = Debug|Any CPU
		{283AA8A5-828E-46A6-8CBF-E478093D2A19}.Debug|x86.Build.0 = Debug|Any CPU
		{283AA8A5-828E-46A6-8CBF-E478093D2A19}.Release|Any CPU.ActiveCfg = Release|Any CPU
		{283AA8A5-828E-46A6-8CBF-E478093D2A19}.Release|Any CPU.Build.0 = Release|Any CPU
		{283AA8A5-828E-46A6-8CBF-E478093D2A19}.Release|x64.ActiveCfg = Release|Any CPU
		{283AA8A5-828E-46A6-8CBF-E478093D2A19}.Release|x64.Build.0 = Release|Any CPU
		{283AA8A5-828E-46A6-8CBF-E478093D2A19}.Release|x86.ActiveCfg = Release|Any CPU
		{283AA8A5-828E-46A6-8CBF-E478093D2A19}.Release|x86.Build.0 = Release|Any CPU
		{65EF1F79-834F-4067-8A16-FD7B8457B32C}.Debug|Any CPU.ActiveCfg = Debug|Any CPU
		{65EF1F79-834F-4067-8A16-FD7B8457B32C}.Debug|Any CPU.Build.0 = Debug|Any CPU
		{65EF1F79-834F-4067-8A16-FD7B8457B32C}.Debug|x64.ActiveCfg = Debug|Any CPU
		{65EF1F79-834F-4067-8A16-FD7B8457B32C}.Debug|x64.Build.0 = Debug|Any CPU
		{65EF1F79-834F-4067-8A16-FD7B8457B32C}.Debug|x86.ActiveCfg = Debug|Any CPU
		{65EF1F79-834F-4067-8A16-FD7B8457B32C}.Debug|x86.Build.0 = Debug|Any CPU
		{65EF1F79-834F-4067-8A16-FD7B8457B32C}.Release|Any CPU.ActiveCfg = Release|Any CPU
		{65EF1F79-834F-4067-8A16-FD7B8457B32C}.Release|Any CPU.Build.0 = Release|Any CPU
		{65EF1F79-834F-4067-8A16-FD7B8457B32C}.Release|x64.ActiveCfg = Release|Any CPU
		{65EF1F79-834F-4067-8A16-FD7B8457B32C}.Release|x64.Build.0 = Release|Any CPU
		{65EF1F79-834F-4067-8A16-FD7B8457B32C}.Release|x86.ActiveCfg = Release|Any CPU
		{65EF1F79-834F-4067-8A16-FD7B8457B32C}.Release|x86.Build.0 = Release|Any CPU
	EndGlobalSection
EndGlobal
