
Microsoft Visual Studio Solution File, Format Version 12.00
# Visual Studio Version 16
VisualStudioVersion = 16.0.30114.105
MinimumVisualStudioVersion = 10.0.40219.1
Project("{FAE04EC0-301F-11D3-BF4B-00C04F79EFBC}") = "AspNetMicroservices.Auth.Api", "AspNetMicroservices.Auth.Api\AspNetMicroservices.Auth.Api.csproj", "{F2EC0FBF-0D5C-4650-B14D-0F04A8E74789}"
EndProject
Project("{FAE04EC0-301F-11D3-BF4B-00C04F79EFBC}") = "AspNetMicroservices.Auth.Domain", "AspNetMicroservices.Auth.Domain\AspNetMicroservices.Auth.Domain.csproj", "{98DCCAB3-3817-44EA-B4ED-1828E2382635}"
EndProject
Project("{FAE04EC0-301F-11D3-BF4B-00C04F79EFBC}") = "AspNetMicroservices.Auth.Application", "AspNetMicroservices.Auth.Application\AspNetMicroservices.Auth.Application.csproj", "{4E67E167-34D8-4BD4-9D91-EDAB9D037812}"
EndProject
Project("{FAE04EC0-301F-11D3-BF4B-00C04F79EFBC}") = "AspNetMicroservices.Auth.Infrastructure", "AspNetMicroservices.Auth.Infrastructure\AspNetMicroservices.Auth.Infrastructure.csproj", "{E5F42E2C-D09E-4359-A08A-DAAF20D1FECE}"
EndProject
Project("{FAE04EC0-301F-11D3-BF4B-00C04F79EFBC}") = "AspNetMicroservices.Auth.DataAccess", "AspNetMicroservices.Auth.DataAccess\AspNetMicroservices.Auth.DataAccess.csproj", "{F6D8C0EA-EF37-4133-B24C-EAE235A8D0B0}"
EndProject
Project("{FAE04EC0-301F-11D3-BF4B-00C04F79EFBC}") = "AspNetMicroservices.Auth.Tests", "AspNetMicroservices.Auth.Tests\AspNetMicroservices.Auth.Tests.csproj", "{4F93774C-9918-48C3-A5BF-30AF4058B7EF}"
EndProject
Project("{FAE04EC0-301F-11D3-BF4B-00C04F79EFBC}") = "AspNetMicroservices.Auth.IntegrationTests", "AspNetMicroservices.Auth.IntegrationTests\AspNetMicroservices.Auth.IntegrationTests.csproj", "{C20170D6-D6DA-4C2D-95ED-89EF9C2129E4}"
EndProject
Global
	GlobalSection(SolutionConfigurationPlatforms) = preSolution
		Debug|Any CPU = Debug|Any CPU
		Debug|x64 = Debug|x64
		Debug|x86 = Debug|x86
		Release|Any CPU = Release|Any CPU
		Release|x64 = Release|x64
		Release|x86 = Release|x86
	EndGlobalSection
	GlobalSection(SolutionProperties) = preSolution
		HideSolutionNode = FALSE
	EndGlobalSection
	GlobalSection(ProjectConfigurationPlatforms) = postSolution
		{F2EC0FBF-0D5C-4650-B14D-0F04A8E74789}.Debug|Any CPU.ActiveCfg = Debug|Any CPU
		{F2EC0FBF-0D5C-4650-B14D-0F04A8E74789}.Debug|Any CPU.Build.0 = Debug|Any CPU
		{F2EC0FBF-0D5C-4650-B14D-0F04A8E74789}.Debug|x64.ActiveCfg = Debug|Any CPU
		{F2EC0FBF-0D5C-4650-B14D-0F04A8E74789}.Debug|x64.Build.0 = Debug|Any CPU
		{F2EC0FBF-0D5C-4650-B14D-0F04A8E74789}.Debug|x86.ActiveCfg = Debug|Any CPU
		{F2EC0FBF-0D5C-4650-B14D-0F04A8E74789}.Debug|x86.Build.0 = Debug|Any CPU
		{F2EC0FBF-0D5C-4650-B14D-0F04A8E74789}.Release|Any CPU.ActiveCfg = Release|Any CPU
		{F2EC0FBF-0D5C-4650-B14D-0F04A8E74789}.Release|Any CPU.Build.0 = Release|Any CPU
		{F2EC0FBF-0D5C-4650-B14D-0F04A8E74789}.Release|x64.ActiveCfg = Release|Any CPU
		{F2EC0FBF-0D5C-4650-B14D-0F04A8E74789}.Release|x64.Build.0 = Release|Any CPU
		{F2EC0FBF-0D5C-4650-B14D-0F04A8E74789}.Release|x86.ActiveCfg = Release|Any CPU
		{F2EC0FBF-0D5C-4650-B14D-0F04A8E74789}.Release|x86.Build.0 = Release|Any CPU
		{98DCCAB3-3817-44EA-B4ED-1828E2382635}.Debug|Any CPU.ActiveCfg = Debug|Any CPU
		{98DCCAB3-3817-44EA-B4ED-1828E2382635}.Debug|Any CPU.Build.0 = Debug|Any CPU
		{98DCCAB3-3817-44EA-B4ED-1828E2382635}.Debug|x64.ActiveCfg = Debug|Any CPU
		{98DCCAB3-3817-44EA-B4ED-1828E2382635}.Debug|x64.Build.0 = Debug|Any CPU
		{98DCCAB3-3817-44EA-B4ED-1828E2382635}.Debug|x86.ActiveCfg = Debug|Any CPU
		{98DCCAB3-3817-44EA-B4ED-1828E2382635}.Debug|x86.Build.0 = Debug|Any CPU
		{98DCCAB3-3817-44EA-B4ED-1828E2382635}.Release|Any CPU.ActiveCfg = Release|Any CPU
		{98DCCAB3-3817-44EA-B4ED-1828E2382635}.Release|Any CPU.Build.0 = Release|Any CPU
		{98DCCAB3-3817-44EA-B4ED-1828E2382635}.Release|x64.ActiveCfg = Release|Any CPU
		{98DCCAB3-3817-44EA-B4ED-1828E2382635}.Release|x64.Build.0 = Release|Any CPU
		{98DCCAB3-3817-44EA-B4ED-1828E2382635}.Release|x86.ActiveCfg = Release|Any CPU
		{98DCCAB3-3817-44EA-B4ED-1828E2382635}.Release|x86.Build.0 = Release|Any CPU
		{4E67E167-34D8-4BD4-9D91-EDAB9D037812}.Debug|Any CPU.ActiveCfg = Debug|Any CPU
		{4E67E167-34D8-4BD4-9D91-EDAB9D037812}.Debug|Any CPU.Build.0 = Debug|Any CPU
		{4E67E167-34D8-4BD4-9D91-EDAB9D037812}.Debug|x64.ActiveCfg = Debug|Any CPU
		{4E67E167-34D8-4BD4-9D91-EDAB9D037812}.Debug|x64.Build.0 = Debug|Any CPU
		{4E67E167-34D8-4BD4-9D91-EDAB9D037812}.Debug|x86.ActiveCfg = Debug|Any CPU
		{4E67E167-34D8-4BD4-9D91-EDAB9D037812}.Debug|x86.Build.0 = Debug|Any CPU
		{4E67E167-34D8-4BD4-9D91-EDAB9D037812}.Release|Any CPU.ActiveCfg = Release|Any CPU
		{4E67E167-34D8-4BD4-9D91-EDAB9D037812}.Release|Any CPU.Build.0 = Release|Any CPU
		{4E67E167-34D8-4BD4-9D91-EDAB9D037812}.Release|x64.ActiveCfg = Release|Any CPU
		{4E67E167-34D8-4BD4-9D91-EDAB9D037812}.Release|x64.Build.0 = Release|Any CPU
		{4E67E167-34D8-4BD4-9D91-EDAB9D037812}.Release|x86.ActiveCfg = Release|Any CPU
		{4E67E167-34D8-4BD4-9D91-EDAB9D037812}.Release|x86.Build.0 = Release|Any CPU
		{E5F42E2C-D09E-4359-A08A-DAAF20D1FECE}.Debug|Any CPU.ActiveCfg = Debug|Any CPU
		{E5F42E2C-D09E-4359-A08A-DAAF20D1FECE}.Debug|Any CPU.Build.0 = Debug|Any CPU
		{E5F42E2C-D09E-4359-A08A-DAAF20D1FECE}.Debug|x64.ActiveCfg = Debug|Any CPU
		{E5F42E2C-D09E-4359-A08A-DAAF20D1FECE}.Debug|x64.Build.0 = Debug|Any CPU
		{E5F42E2C-D09E-4359-A08A-DAAF20D1FECE}.Debug|x86.ActiveCfg = Debug|Any CPU
		{E5F42E2C-D09E-4359-A08A-DAAF20D1FECE}.Debug|x86.Build.0 = Debug|Any CPU
		{E5F42E2C-D09E-4359-A08A-DAAF20D1FECE}.Release|Any CPU.ActiveCfg = Release|Any CPU
		{E5F42E2C-D09E-4359-A08A-DAAF20D1FECE}.Release|Any CPU.Build.0 = Release|Any CPU
		{E5F42E2C-D09E-4359-A08A-DAAF20D1FECE}.Release|x64.ActiveCfg = Release|Any CPU
		{E5F42E2C-D09E-4359-A08A-DAAF20D1FECE}.Release|x64.Build.0 = Release|Any CPU
		{E5F42E2C-D09E-4359-A08A-DAAF20D1FECE}.Release|x86.ActiveCfg = Release|Any CPU
		{E5F42E2C-D09E-4359-A08A-DAAF20D1FECE}.Release|x86.Build.0 = Release|Any CPU
		{F6D8C0EA-EF37-4133-B24C-EAE235A8D0B0}.Debug|Any CPU.ActiveCfg = Debug|Any CPU
		{F6D8C0EA-EF37-4133-B24C-EAE235A8D0B0}.Debug|Any CPU.Build.0 = Debug|Any CPU
		{F6D8C0EA-EF37-4133-B24C-EAE235A8D0B0}.Debug|x64.ActiveCfg = Debug|Any CPU
		{F6D8C0EA-EF37-4133-B24C-EAE235A8D0B0}.Debug|x64.Build.0 = Debug|Any CPU
		{F6D8C0EA-EF37-4133-B24C-EAE235A8D0B0}.Debug|x86.ActiveCfg = Debug|Any CPU
		{F6D8C0EA-EF37-4133-B24C-EAE235A8D0B0}.Debug|x86.Build.0 = Debug|Any CPU
		{F6D8C0EA-EF37-4133-B24C-EAE235A8D0B0}.Release|Any CPU.ActiveCfg = Release|Any CPU
		{F6D8C0EA-EF37-4133-B24C-EAE235A8D0B0}.Release|Any CPU.Build.0 = Release|Any CPU
		{F6D8C0EA-EF37-4133-B24C-EAE235A8D0B0}.Release|x64.ActiveCfg = Release|Any CPU
		{F6D8C0EA-EF37-4133-B24C-EAE235A8D0B0}.Release|x64.Build.0 = Release|Any CPU
		{F6D8C0EA-EF37-4133-B24C-EAE235A8D0B0}.Release|x86.ActiveCfg = Release|Any CPU
		{F6D8C0EA-EF37-4133-B24C-EAE235A8D0B0}.Release|x86.Build.0 = Release|Any CPU
		{4F93774C-9918-48C3-A5BF-30AF4058B7EF}.Debug|Any CPU.ActiveCfg = Debug|Any CPU
		{4F93774C-9918-48C3-A5BF-30AF4058B7EF}.Debug|Any CPU.Build.0 = Debug|Any CPU
		{4F93774C-9918-48C3-A5BF-30AF4058B7EF}.Debug|x64.ActiveCfg = Debug|Any CPU
		{4F93774C-9918-48C3-A5BF-30AF4058B7EF}.Debug|x64.Build.0 = Debug|Any CPU
		{4F93774C-9918-48C3-A5BF-30AF4058B7EF}.Debug|x86.ActiveCfg = Debug|Any CPU
		{4F93774C-9918-48C3-A5BF-30AF4058B7EF}.Debug|x86.Build.0 = Debug|Any CPU
		{4F93774C-9918-48C3-A5BF-30AF4058B7EF}.Release|Any CPU.ActiveCfg = Release|Any CPU
		{4F93774C-9918-48C3-A5BF-30AF4058B7EF}.Release|Any CPU.Build.0 = Release|Any CPU
		{4F93774C-9918-48C3-A5BF-30AF4058B7EF}.Release|x64.ActiveCfg = Release|Any CPU
		{4F93774C-9918-48C3-A5BF-30AF4058B7EF}.Release|x64.Build.0 = Release|Any CPU
		{4F93774C-9918-48C3-A5BF-30AF4058B7EF}.Release|x86.ActiveCfg = Release|Any CPU
		{4F93774C-9918-48C3-A5BF-30AF4058B7EF}.Release|x86.Build.0 = Release|Any CPU
		{C20170D6-D6DA-4C2D-95ED-89EF9C2129E4}.Debug|Any CPU.ActiveCfg = Debug|Any CPU
		{C20170D6-D6DA-4C2D-95ED-89EF9C2129E4}.Debug|Any CPU.Build.0 = Debug|Any CPU
		{C20170D6-D6DA-4C2D-95ED-89EF9C2129E4}.Debug|x64.ActiveCfg = Debug|Any CPU
		{C20170D6-D6DA-4C2D-95ED-89EF9C2129E4}.Debug|x64.Build.0 = Debug|Any CPU
		{C20170D6-D6DA-4C2D-95ED-89EF9C2129E4}.Debug|x86.ActiveCfg = Debug|Any CPU
		{C20170D6-D6DA-4C2D-95ED-89EF9C2129E4}.Debug|x86.Build.0 = Debug|Any CPU
		{C20170D6-D6DA-4C2D-95ED-89EF9C2129E4}.Release|Any CPU.ActiveCfg = Release|Any CPU
		{C20170D6-D6DA-4C2D-95ED-89EF9C2129E4}.Release|Any CPU.Build.0 = Release|Any CPU
		{C20170D6-D6DA-4C2D-95ED-89EF9C2129E4}.Release|x64.ActiveCfg = Release|Any CPU
		{C20170D6-D6DA-4C2D-95ED-89EF9C2129E4}.Release|x64.Build.0 = Release|Any CPU
		{C20170D6-D6DA-4C2D-95ED-89EF9C2129E4}.Release|x86.ActiveCfg = Release|Any CPU
		{C20170D6-D6DA-4C2D-95ED-89EF9C2129E4}.Release|x86.Build.0 = Release|Any CPU
	EndGlobalSection
EndGlobal
